
Microsoft Visual Studio Solution File, Format Version 12.00
# Visual Studio Version 17
VisualStudioVersion = 17.6.33815.320
MinimumVisualStudioVersion = 10.0.40219.1
Project("{FAE04EC0-301F-11D3-BF4B-00C04F79EFBC}") = "DotNetLab", "DotNetLab\DotNetLab.csproj", "{AEF52A5A-BA64-4E9E-B38B-56E4BFED5823}"
EndProject
Project("{FAE04EC0-301F-11D3-BF4B-00C04F79EFBC}") = "ModleBindingLab", "ModleBindingLab\ModleBindingLab.csproj", "{58E02F35-8B44-41CB-B50E-B4F46C88D22A}"
EndProject
Global
	GlobalSection(SolutionConfigurationPlatforms) = preSolution
		Debug|Any CPU = Debug|Any CPU
		Release|Any CPU = Release|Any CPU
	EndGlobalSection
	GlobalSection(ProjectConfigurationPlatforms) = postSolution
		{AEF52A5A-BA64-4E9E-B38B-56E4BFED5823}.Debug|Any CPU.ActiveCfg = Debug|Any CPU
		{AEF52A5A-BA64-4E9E-B38B-56E4BFED5823}.Debug|Any CPU.Build.0 = Debug|Any CPU
		{AEF52A5A-BA64-4E9E-B38B-56E4BFED5823}.Release|Any CPU.ActiveCfg = Release|Any CPU
		{AEF52A5A-BA64-4E9E-B38B-56E4BFED5823}.Release|Any CPU.Build.0 = Release|Any CPU
		{58E02F35-8B44-41CB-B50E-B4F46C88D22A}.Debug|Any CPU.ActiveCfg = Debug|Any CPU
		{58E02F35-8B44-41CB-B50E-B4F46C88D22A}.Debug|Any CPU.Build.0 = Debug|Any CPU
		{58E02F35-8B44-41CB-B50E-B4F46C88D22A}.Release|Any CPU.ActiveCfg = Release|Any CPU
		{58E02F35-8B44-41CB-B50E-B4F46C88D22A}.Release|Any CPU.Build.0 = Release|Any CPU
	EndGlobalSection
	GlobalSection(SolutionProperties) = preSolution
		HideSolutionNode = FALSE
	EndGlobalSection
	GlobalSection(ExtensibilityGlobals) = postSolution
		SolutionGuid = {2B7F48D2-1DD5-4158-A245-22497E77C539}
	EndGlobalSection
EndGlobal
